<Solution>
  <Configurations>
    <Platform Name="x64" />
    <Platform Name="x86" />
  </Configurations>
  <Project Path="advent-of-code/2025/aoc25-1/aoc25-1.vcxproj" Id="5f916a31-479e-4ece-a4df-626aaa646af0" />
  <Project Path="advent-of-code/2025/aoc25-2/aoc25-2.vcxproj" Id="4bdc120d-b9b2-4c64-8f4d-fc1e3c876e78" />
  <Project Path="advent-of-code/2025/aoc25-3/aoc25-3.vcxproj" Id="b27e4e49-8130-4a35-815d-07d29b6b01c9" />
  <Project Path="advent-of-code/2025/aoc25-4/aoc25-4.vcxproj" Id="6569baef-1464-476a-845c-3f64a88cd30c" />
  <Project Path="advent-of-code/2025/aoc25-5/aoc25-5.vcxproj" Id="44380a4d-56b7-4c16-b0c0-b0fb87042a22" />
  <Project Path="leetcode.vcxproj" Id="5d9b9c68-114f-4c64-b3d9-d474e8322cc6" />
</Solution>
